# THIS IS AN AUTOGENERATED FILE. DO NOT EDIT THIS FILE DIRECTLY.
# yarn lockfile v1


cropper@^4.1.0:
  version "4.1.0"
  resolved "https://registry.yarnpkg.com/cropper/-/cropper-4.1.0.tgz#3c2faaa78f730a3c71814cee61e17c7a674b943f"
  integrity sha512-dNbkWNT606oMgRQ2aYMerDnPpSVLBMTWyERDHsDwih1ahJiVpyfSM9ev/n6G4ElfRG8t0shUZ5FXLg7YtmDdBQ==
  dependencies:
    cropperjs "^1.5.6"

cropperjs@^1.5.6, cropperjs@^1.6.1:
  version "1.6.1"
  resolved "https://registry.yarnpkg.com/cropperjs/-/cropperjs-1.6.1.tgz#fd132021d93b824b1b0f2c2c3b763419fb792d89"
  integrity sha512-F4wsi+XkDHCOMrHMYjrTEE4QBOrsHHN5/2VsVAaRq8P7E5z7xQpT75S+f/9WikmBEailas3+yo+6zPIomW+NOA==
